{
  "name": "tauri-app",
  "version": "0.1.0",
  "lockfileVersion": 3,
  "requires": true,
  "packages": {
    "": {
      "name": "tauri-app",
      "version": "0.1.0",
      "dependencies": {
        "@tauri-apps/api": "^2",
        "@tauri-apps/plugin-opener": "^2",
        "vue": "^3.5.13"
      },
      "devDependencies": {
        "@tauri-apps/cli": "^2",
        "@vitejs/plugin-vue": "^5.2.1",
        "typescript": "~5.6.2",
        "vite": "^6.0.3",
        "vue-tsc": "^2.1.10"
      }
    },
    "node_modules/@babel/helper-string-parser": {
      "version": "7.25.9",
      "resolved": "https://registry.npm.wps.cn/@babel/helper-string-parser/download/@babel/helper-string-parser-7.25.9.tgz",
      "integrity": "sha1-Gqu3Lucu01eJtLvK08ooYs5hTow=",
      "license": "MIT",
      "engines": {
        "node": ">=6.9.0"
      }
    },
    "node_modules/@babel/helper-validator-identifier": {
      "version": "7.25.9",
      "resolved": "https://registry.npm.wps.cn/@babel/helper-validator-identifier/download/@babel/helper-validator-identifier-7.25.9.tgz",
      "integrity": "sha1-JLZOLD7HzTs8VHcpuNFocfIsvcc=",
      "license": "MIT",
      "engines": {
        "node": ">=6.9.0"
      }
    },
    "node_modules/@babel/parser": {
      "version": "7.26.9",
      "resolved": "https://registry.npm.wps.cn/@babel/parser/download/@babel/parser-7.26.9.tgz",
      "integrity": "sha1-2eeL7m3ID579jyNJ3Pu82s4oD9U=",
      "license": "MIT",
      "dependencies": {
        "@babel/types": "^7.26.9"
      },
      "bin": {
        "parser": "bin/babel-parser.js"
      },
      "engines": {
        "node": ">=6.0.0"
      }
    },
    "node_modules/@babel/types": {
      "version": "7.26.9",
      "resolved": "https://registry.npm.wps.cn/@babel/types/download/@babel/types-7.26.9.tgz",
      "integrity": "sha1-CLQ97HnujmgsKsYxwBC9ysVKIc4=",
      "license": "MIT",
      "dependencies": {
        "@babel/helper-string-parser": "^7.25.9",
        "@babel/helper-validator-identifier": "^7.25.9"
      },
      "engines": {
        "node": ">=6.9.0"
      }
    },
    "node_modules/@esbuild/aix-ppc64": {
      "version": "0.25.0",
      "resolved": "https://registry.npm.wps.cn/@esbuild/aix-ppc64/download/@esbuild/aix-ppc64-0.25.0.tgz",
      "integrity": "sha1-SZYAxeF1elJJkNXZJgHwrDzof2Q=",
      "cpu": [
        "ppc64"
      ],
      "dev": true,
      "license": "MIT",
      "optional": true,
      "os": [
        "aix"
      ],
      "engines": {
        "node": ">=18"
      }
    },
    "node_modules/@esbuild/android-arm": {
      "version": "0.25.0",
      "resolved": "https://registry.npm.wps.cn/@esbuild/android-arm/download/@esbuild/android-arm-0.25.0.tgz",
      "integrity": "sha1-ym54iJQlBfE+iKyfX30qcvn6zSs=",
      "cpu": [
        "arm"
      ],
      "dev": true,
      "license": "MIT",
      "optional": true,
      "os": [
        "android"
      ],
      "engines": {
        "node": ">=18"
      }
    },
    "node_modules/@esbuild/android-arm64": {
      "version": "0.25.0",
      "resolved": "https://registry.npm.wps.cn/@esbuild/android-arm64/download/@esbuild/android-arm64-0.25.0.tgz",
      "integrity": "sha1-ubgjFWGh37lOsx9O4Fa5KphcMk8=",
      "cpu": [
        "arm64"
      ],
      "dev": true,
      "license": "MIT",
      "optional": true,
      "os": [
        "android"
      ],
      "engines": {
        "node": ">=18"
      }
    },
    "node_modules/@esbuild/android-x64": {
      "version": "0.25.0",
      "resolved": "https://registry.npm.wps.cn/@esbuild/android-x64/download/@esbuild/android-x64-0.25.0.tgz",
      "integrity": "sha1-52XqdTusRC38nLU2Us6L050z4WM=",
      "cpu": [
        "x64"
      ],
      "dev": true,
      "license": "MIT",
      "optional": true,
      "os": [
        "android"
      ],
      "engines": {
        "node": ">=18"
      }
    },
    "node_modules/@esbuild/darwin-arm64": {
      "version": "0.25.0",
      "resolved": "https://registry.npm.wps.cn/@esbuild/darwin-arm64/download/@esbuild/darwin-arm64-0.25.0.tgz",
      "integrity": "sha1-+jlBZLDYnU/cOoohmJr3DvV5+iw=",
      "cpu": [
        "arm64"
      ],
      "dev": true,
      "license": "MIT",
      "optional": true,
      "os": [
        "darwin"
      ],
      "engines": {
        "node": ">=18"
      }
    },
    "node_modules/@esbuild/darwin-x64": {
      "version": "0.25.0",
      "resolved": "https://registry.npm.wps.cn/@esbuild/darwin-x64/download/@esbuild/darwin-x64-0.25.0.tgz",
      "integrity": "sha1-kZedmNMLpufWmyLGF8yCva1g5Ho=",
      "cpu": [
        "x64"
      ],
      "dev": true,
      "license": "MIT",
      "optional": true,
      "os": [
        "darwin"
      ],
      "engines": {
        "node": ">=18"
      }
    },
    "node_modules/@esbuild/freebsd-arm64": {
      "version": "0.25.0",
      "resolved": "https://registry.npm.wps.cn/@esbuild/freebsd-arm64/download/@esbuild/freebsd-arm64-0.25.0.tgz",
      "integrity": "sha1-uX6XBzMQc2tDCgewmdg3CEuF6c4=",
      "cpu": [
        "arm64"
      ],
      "dev": true,
      "license": "MIT",
      "optional": true,
      "os": [
        "freebsd"
      ],
      "engines": {
        "node": ">=18"
      }
    },
    "node_modules/@esbuild/freebsd-x64": {
      "version": "0.25.0",
      "resolved": "https://registry.npm.wps.cn/@esbuild/freebsd-x64/download/@esbuild/freebsd-x64-0.25.0.tgz",
      "integrity": "sha1-87aU0Nph2ZEOx97/eU1ETPvztuc=",
      "cpu": [
        "x64"
      ],
      "dev": true,
      "license": "MIT",
      "optional": true,
      "os": [
        "freebsd"
      ],
      "engines": {
        "node": ">=18"
      }
    },
    "node_modules/@esbuild/linux-arm": {
      "version": "0.25.0",
      "resolved": "https://registry.npm.wps.cn/@esbuild/linux-arm/download/@esbuild/linux-arm-0.25.0.tgz",
      "integrity": "sha1-zEkwWzxtoxfJAGiJlaQFDmzJHKM=",
      "cpu": [
        "arm"
      ],
      "dev": true,
      "license": "MIT",
      "optional": true,
      "os": [
        "linux"
      ],
      "engines": {
        "node": ">=18"
      }
    },
    "node_modules/@esbuild/linux-arm64": {
      "version": "0.25.0",
      "resolved": "https://registry.npm.wps.cn/@esbuild/linux-arm64/download/@esbuild/linux-arm64-0.25.0.tgz",
      "integrity": "sha1-+SH2mfFi8zIDbVZXytkDb3qZP3M=",
      "cpu": [
        "arm64"
      ],
      "dev": true,
      "license": "MIT",
      "optional": true,
      "os": [
        "linux"
      ],
      "engines": {
        "node": ">=18"
      }
    },
    "node_modules/@esbuild/linux-ia32": {
      "version": "0.25.0",
      "resolved": "https://registry.npm.wps.cn/@esbuild/linux-ia32/download/@esbuild/linux-ia32-0.25.0.tgz",
      "integrity": "sha1-Pgc2/PqxbP8ELeyAYkfix24Qnhk=",
      "cpu": [
        "ia32"
      ],
      "dev": true,
      "license": "MIT",
      "optional": true,
      "os": [
        "linux"
      ],
      "engines": {
        "node": ">=18"
      }
    },
    "node_modules/@esbuild/linux-loong64": {
      "version": "0.25.0",
      "resolved": "https://registry.npm.wps.cn/@esbuild/linux-loong64/download/@esbuild/linux-loong64-0.25.0.tgz",
      "integrity": "sha1-6iv3MIg83bnfuFEkIytah1uAIMc=",
      "cpu": [
        "loong64"
      ],
      "dev": true,
      "license": "MIT",
      "optional": true,
      "os": [
        "linux"
      ],
      "engines": {
        "node": ">=18"
      }
    },
    "node_modules/@esbuild/linux-mips64el": {
      "version": "0.25.0",
      "resolved": "https://registry.npm.wps.cn/@esbuild/linux-mips64el/download/@esbuild/linux-mips64el-0.25.0.tgz",
      "integrity": "sha1-TKursU7t4JJImAotLYuWZGQpT/E=",
      "cpu": [
        "mips64el"
      ],
      "dev": true,
      "license": "MIT",
      "optional": true,
      "os": [
        "linux"
      ],
      "engines": {
        "node": ">=18"
      }
    },
    "node_modules/@esbuild/linux-ppc64": {
      "version": "0.25.0",
      "resolved": "https://registry.npm.wps.cn/@esbuild/linux-ppc64/download/@esbuild/linux-ppc64-0.25.0.tgz",
      "integrity": "sha1-iGCkYJkUwGU3OnckLphReWWOGVE=",
      "cpu": [
        "ppc64"
      ],
      "dev": true,
      "license": "MIT",
      "optional": true,
      "os": [
        "linux"
      ],
      "engines": {
        "node": ">=18"
      }
    },
    "node_modules/@esbuild/linux-riscv64": {
      "version": "0.25.0",
      "resolved": "https://registry.npm.wps.cn/@esbuild/linux-riscv64/download/@esbuild/linux-riscv64-0.25.0.tgz",
      "integrity": "sha1-uvJuILstOM+4buKC3/hAwE9O2Yc=",
      "cpu": [
        "riscv64"
      ],
      "dev": true,
      "license": "MIT",
      "optional": true,
      "os": [
        "linux"
      ],
      "engines": {
        "node": ">=18"
      }
    },
    "node_modules/@esbuild/linux-s390x": {
      "version": "0.25.0",
      "resolved": "https://registry.npm.wps.cn/@esbuild/linux-s390x/download/@esbuild/linux-s390x-0.25.0.tgz",
      "integrity": "sha1-gyOvwNbLG23G6f0h79nhVCw2QKQ=",
      "cpu": [
        "s390x"
      ],
      "dev": true,
      "license": "MIT",
      "optional": true,
      "os": [
        "linux"
      ],
      "engines": {
        "node": ">=18"
      }
    },
    "node_modules/@esbuild/linux-x64": {
      "version": "0.25.0",
      "resolved": "https://registry.npm.wps.cn/@esbuild/linux-x64/download/@esbuild/linux-x64-0.25.0.tgz",
      "integrity": "sha1-CPz2DLQA7SOC6fjg9VkLrIgQRpo=",
      "cpu": [
        "x64"
      ],
      "dev": true,
      "license": "MIT",
      "optional": true,
      "os": [
        "linux"
      ],
      "engines": {
        "node": ">=18"
      }
    },
    "node_modules/@esbuild/netbsd-arm64": {
      "version": "0.25.0",
      "resolved": "https://registry.npm.wps.cn/@esbuild/netbsd-arm64/download/@esbuild/netbsd-arm64-0.25.0.tgz",
      "integrity": "sha1-k1xsdOIPciSRj74ubG/oZbbG6ls=",
      "cpu": [
        "arm64"
      ],
      "dev": true,
      "license": "MIT",
      "optional": true,
      "os": [
        "netbsd"
      ],
      "engines": {
        "node": ">=18"
      }
    },
    "node_modules/@esbuild/netbsd-x64": {
      "version": "0.25.0",
      "resolved": "https://registry.npm.wps.cn/@esbuild/netbsd-x64/download/@esbuild/netbsd-x64-0.25.0.tgz",
      "integrity": "sha1-QUZ3zvZtFsWk0hB1HrKIG7nBtis=",
      "cpu": [
        "x64"
      ],
      "dev": true,
      "license": "MIT",
      "optional": true,
      "os": [
        "netbsd"
      ],
      "engines": {
        "node": ">=18"
      }
    },
    "node_modules/@esbuild/openbsd-arm64": {
      "version": "0.25.0",
      "resolved": "https://registry.npm.wps.cn/@esbuild/openbsd-arm64/download/@esbuild/openbsd-arm64-0.25.0.tgz",
      "integrity": "sha1-j9VaTQjSXNxXKETxPIjWeMhNE/c=",
      "cpu": [
        "arm64"
      ],
      "dev": true,
      "license": "MIT",
      "optional": true,
      "os": [
        "openbsd"
      ],
      "engines": {
        "node": ">=18"
      }
    },
    "node_modules/@esbuild/openbsd-x64": {
      "version": "0.25.0",
      "resolved": "https://registry.npm.wps.cn/@esbuild/openbsd-x64/download/@esbuild/openbsd-x64-0.25.0.tgz",
      "integrity": "sha1-DEjdsUlLvC1ry6oUKaf0Zfod7d4=",
      "cpu": [
        "x64"
      ],
      "dev": true,
      "license": "MIT",
      "optional": true,
      "os": [
        "openbsd"
      ],
      "engines": {
        "node": ">=18"
      }
    },
    "node_modules/@esbuild/sunos-x64": {
      "version": "0.25.0",
      "resolved": "https://registry.npm.wps.cn/@esbuild/sunos-x64/download/@esbuild/sunos-x64-0.25.0.tgz",
      "integrity": "sha1-hv+Qddd5YrYN0mID1zUvkmhMjJI=",
      "cpu": [
        "x64"
      ],
      "dev": true,
      "license": "MIT",
      "optional": true,
      "os": [
        "sunos"
      ],
      "engines": {
        "node": ">=18"
      }
    },
    "node_modules/@esbuild/win32-arm64": {
      "version": "0.25.0",
      "resolved": "https://registry.npm.wps.cn/@esbuild/win32-arm64/download/@esbuild/win32-arm64-0.25.0.tgz",
      "integrity": "sha1-hJxiMnwyKUZ/W1zWgb9QWIRC6Ww=",
      "cpu": [
        "arm64"
      ],
      "dev": true,
      "license": "MIT",
      "optional": true,
      "os": [
        "win32"
      ],
      "engines": {
        "node": ">=18"
      }
    },
    "node_modules/@esbuild/win32-ia32": {
      "version": "0.25.0",
      "resolved": "https://registry.npm.wps.cn/@esbuild/win32-ia32/download/@esbuild/win32-ia32-0.25.0.tgz",
      "integrity": "sha1-9i60gM18ygiMtlu0am2yW3JdwHk=",
      "cpu": [
        "ia32"
      ],
      "dev": true,
      "license": "MIT",
      "optional": true,
      "os": [
        "win32"
      ],
      "engines": {
        "node": ">=18"
      }
    },
    "node_modules/@esbuild/win32-x64": {
      "version": "0.25.0",
      "resolved": "https://registry.npm.wps.cn/@esbuild/win32-x64/download/@esbuild/win32-x64-0.25.0.tgz",
      "integrity": "sha1-yOEZowp8jWC50uItIHNyLd47cQs=",
      "cpu": [
        "x64"
      ],
      "dev": true,
      "license": "MIT",
      "optional": true,
      "os": [
        "win32"
      ],
      "engines": {
        "node": ">=18"
      }
    },
    "node_modules/@jridgewell/sourcemap-codec": {
      "version": "1.5.0",
      "resolved": "https://registry.npm.wps.cn/@jridgewell/sourcemap-codec/download/@jridgewell/sourcemap-codec-1.5.0.tgz",
      "integrity": "sha1-MYi8snOkFLDSFf0ipYVAuYm5QJo=",
      "license": "MIT"
    },
    "node_modules/@rollup/rollup-android-arm-eabi": {
      "version": "4.34.8",
      "resolved": "https://registry.npm.wps.cn/@rollup/rollup-android-arm-eabi/download/@rollup/rollup-android-arm-eabi-4.34.8.tgz",
      "integrity": "sha1-cx3yff23cYlUe875atp78Wa7svs=",
      "cpu": [
        "arm"
      ],
      "dev": true,
      "license": "MIT",
      "optional": true,
      "os": [
        "android"
      ]
    },
    "node_modules/@rollup/rollup-android-arm64": {
      "version": "4.34.8",
      "resolved": "https://registry.npm.wps.cn/@rollup/rollup-android-arm64/download/@rollup/rollup-android-arm64-4.34.8.tgz",
      "integrity": "sha1-S+ptt44faSdAXff+D68vUJXgE0M=",
      "cpu": [
        "arm64"
      ],
      "dev": true,
      "license": "MIT",
      "optional": true,
      "os": [
        "android"
      ]
    },
    "node_modules/@rollup/rollup-darwin-arm64": {
      "version": "4.34.8",
      "resolved": "https://registry.npm.wps.cn/@rollup/rollup-darwin-arm64/download/@rollup/rollup-darwin-arm64-4.34.8.tgz",
      "integrity": "sha1-p6q3fUS+PESiD5RuEBYPhOVFDn8=",
      "cpu": [
        "arm64"
      ],
      "dev": true,
      "license": "MIT",
      "optional": true,
      "os": [
        "darwin"
      ]
    },
    "node_modules/@rollup/rollup-darwin-x64": {
      "version": "4.34.8",
      "resolved": "https://registry.npm.wps.cn/@rollup/rollup-darwin-x64/download/@rollup/rollup-darwin-x64-4.34.8.tgz",
      "integrity": "sha1-xXLAJLV+6N3RsIUXA6zp62zA3YI=",
      "cpu": [
        "x64"
      ],
      "dev": true,
      "license": "MIT",
      "optional": true,
      "os": [
        "darwin"
      ]
    },
    "node_modules/@rollup/rollup-freebsd-arm64": {
      "version": "4.34.8",
      "resolved": "https://registry.npm.wps.cn/@rollup/rollup-freebsd-arm64/download/@rollup/rollup-freebsd-arm64-4.34.8.tgz",
      "integrity": "sha1-z3T4ETtagwmKXAJsFldCJ3y/uIs=",
      "cpu": [
        "arm64"
      ],
      "dev": true,
      "license": "MIT",
      "optional": true,
      "os": [
        "freebsd"
      ]
    },
    "node_modules/@rollup/rollup-freebsd-x64": {
      "version": "4.34.8",
      "resolved": "https://registry.npm.wps.cn/@rollup/rollup-freebsd-x64/download/@rollup/rollup-freebsd-x64-4.34.8.tgz",
      "integrity": "sha1-OVYfOi8gGkrWoBQlsf9ZKBVOzXw=",
      "cpu": [
        "x64"
      ],
      "dev": true,
      "license": "MIT",
      "optional": true,
      "os": [
        "freebsd"
      ]
    },
    "node_modules/@rollup/rollup-linux-arm-gnueabihf": {
      "version": "4.34.8",
      "resolved": "https://registry.npm.wps.cn/@rollup/rollup-linux-arm-gnueabihf/download/@rollup/rollup-linux-arm-gnueabihf-4.34.8.tgz",
      "integrity": "sha1-mA1gYeNzv9rrZ5JcRtL4+bPeU38=",
      "cpu": [
        "arm"
      ],
      "dev": true,
      "license": "MIT",
      "optional": true,
      "os": [
        "linux"
      ]
    },
    "node_modules/@rollup/rollup-linux-arm-musleabihf": {
      "version": "4.34.8",
      "resolved": "https://registry.npm.wps.cn/@rollup/rollup-linux-arm-musleabihf/download/@rollup/rollup-linux-arm-musleabihf-4.34.8.tgz",
      "integrity": "sha1-+RqQ8w3ADVpkrC2bvtyCnNPPqng=",
      "cpu": [
        "arm"
      ],
      "dev": true,
      "license": "MIT",
      "optional": true,
      "os": [
        "linux"
      ]
    },
    "node_modules/@rollup/rollup-linux-arm64-gnu": {
      "version": "4.34.8",
      "resolved": "https://registry.npm.wps.cn/@rollup/rollup-linux-arm64-gnu/download/@rollup/rollup-linux-arm64-gnu-4.34.8.tgz",
      "integrity": "sha1-+scA+lw4vBOg1dNEYxMwk9pMkqA=",
      "cpu": [
        "arm64"
      ],
      "dev": true,
      "license": "MIT",
      "optional": true,
      "os": [
        "linux"
      ]
    },
    "node_modules/@rollup/rollup-linux-arm64-musl": {
      "version": "4.34.8",
      "resolved": "https://registry.npm.wps.cn/@rollup/rollup-linux-arm64-musl/download/@rollup/rollup-linux-arm64-musl-4.34.8.tgz",
      "integrity": "sha1-9Q7Mz4x4hB/23xcGvEeC1/Yr+cM=",
      "cpu": [
        "arm64"
      ],
      "dev": true,
      "license": "MIT",
      "optional": true,
      "os": [
        "linux"
      ]
    },
    "node_modules/@rollup/rollup-linux-loongarch64-gnu": {
      "version": "4.34.8",
      "resolved": "https://registry.npm.wps.cn/@rollup/rollup-linux-loongarch64-gnu/download/@rollup/rollup-linux-loongarch64-gnu-4.34.8.tgz",
      "integrity": "sha1-WGncCygkLaZVPitSr0E3T0A4zW4=",
      "cpu": [
        "loong64"
      ],
      "dev": true,
      "license": "MIT",
      "optional": true,
      "os": [
        "linux"
      ]
    },
    "node_modules/@rollup/rollup-linux-powerpc64le-gnu": {
      "version": "4.34.8",
      "resolved": "https://registry.npm.wps.cn/@rollup/rollup-linux-powerpc64le-gnu/download/@rollup/rollup-linux-powerpc64le-gnu-4.34.8.tgz",
      "integrity": "sha1-XN2fhRzhvqM9aESmn5V03jNfILE=",
      "cpu": [
        "ppc64"
      ],
      "dev": true,
      "license": "MIT",
      "optional": true,
      "os": [
        "linux"
      ]
    },
    "node_modules/@rollup/rollup-linux-riscv64-gnu": {
      "version": "4.34.8",
      "resolved": "https://registry.npm.wps.cn/@rollup/rollup-linux-riscv64-gnu/download/@rollup/rollup-linux-riscv64-gnu-4.34.8.tgz",
      "integrity": "sha1-713Df0OI9SU/De9D4UQOwBKvIE0=",
      "cpu": [
        "riscv64"
      ],
      "dev": true,
      "license": "MIT",
      "optional": true,
      "os": [
        "linux"
      ]
    },
    "node_modules/@rollup/rollup-linux-s390x-gnu": {
      "version": "4.34.8",
      "resolved": "https://registry.npm.wps.cn/@rollup/rollup-linux-s390x-gnu/download/@rollup/rollup-linux-s390x-gnu-4.34.8.tgz",
      "integrity": "sha1-fbw8y8vPs+Zb50U437bo3RYXj94=",
      "cpu": [
        "s390x"
      ],
      "dev": true,
      "license": "MIT",
      "optional": true,
      "os": [
        "linux"
      ]
    },
    "node_modules/@rollup/rollup-linux-x64-gnu": {
      "version": "4.34.8",
      "resolved": "https://registry.npm.wps.cn/@rollup/rollup-linux-x64-gnu/download/@rollup/rollup-linux-x64-gnu-4.34.8.tgz",
      "integrity": "sha1-V4P8CtyrfcBpaSBW6MqNg3CYVc4=",
      "cpu": [
        "x64"
      ],
      "dev": true,
      "license": "MIT",
      "optional": true,
      "os": [
        "linux"
      ]
    },
    "node_modules/@rollup/rollup-linux-x64-musl": {
      "version": "4.34.8",
      "resolved": "https://registry.npm.wps.cn/@rollup/rollup-linux-x64-musl/download/@rollup/rollup-linux-x64-musl-4.34.8.tgz",
      "integrity": "sha1-ALbCmymBl6OE48ZZkQtHlDADpng=",
      "cpu": [
        "x64"
      ],
      "dev": true,
      "license": "MIT",
      "optional": true,
      "os": [
        "linux"
      ]
    },
    "node_modules/@rollup/rollup-win32-arm64-msvc": {
      "version": "4.34.8",
      "resolved": "https://registry.npm.wps.cn/@rollup/rollup-win32-arm64-msvc/download/@rollup/rollup-win32-arm64-msvc-4.34.8.tgz",
      "integrity": "sha1-y/7gHx/nN5HDUZGgU5eDhSDKPN0=",
      "cpu": [
        "arm64"
      ],
      "dev": true,
      "license": "MIT",
      "optional": true,
      "os": [
        "win32"
      ]
    },
    "node_modules/@rollup/rollup-win32-ia32-msvc": {
      "version": "4.34.8",
      "resolved": "https://registry.npm.wps.cn/@rollup/rollup-win32-ia32-msvc/download/@rollup/rollup-win32-ia32-msvc-4.34.8.tgz",
      "integrity": "sha1-lc29/0j+bJSKvPah1QCyvVzjP2I=",
      "cpu": [
        "ia32"
      ],
      "dev": true,
      "license": "MIT",
      "optional": true,
      "os": [
        "win32"
      ]
    },
    "node_modules/@rollup/rollup-win32-x64-msvc": {
      "version": "4.34.8",
      "resolved": "https://registry.npm.wps.cn/@rollup/rollup-win32-x64-msvc/download/@rollup/rollup-win32-x64-msvc-4.34.8.tgz",
      "integrity": "sha1-TNss+uac23saPMWHeOggQIB16Sg=",
      "cpu": [
        "x64"
      ],
      "dev": true,
      "license": "MIT",
      "optional": true,
      "os": [
        "win32"
      ]
    },
    "node_modules/@tauri-apps/api": {
      "version": "2.2.0",
      "resolved": "https://registry.npm.wps.cn/@tauri-apps/api/download/@tauri-apps/api-2.2.0.tgz",
      "integrity": "sha1-2q/yUVsaT/HnY8+EpBRUiwK1ZsU=",
      "license": "Apache-2.0 OR MIT",
      "funding": {
        "type": "opencollective",
        "url": "https://opencollective.com/tauri"
      }
    },
    "node_modules/@tauri-apps/cli": {
      "version": "2.2.7",
      "resolved": "https://registry.npm.wps.cn/@tauri-apps/cli/download/@tauri-apps/cli-2.2.7.tgz",
      "integrity": "sha1-Su2vlB9Yvyg5/sOKqBkcWu/Hu0U=",
      "dev": true,
      "license": "Apache-2.0 OR MIT",
      "bin": {
        "tauri": "tauri.js"
      },
      "engines": {
        "node": ">= 10"
      },
      "funding": {
        "type": "opencollective",
        "url": "https://opencollective.com/tauri"
      },
      "optionalDependencies": {
        "@tauri-apps/cli-darwin-arm64": "2.2.7",
        "@tauri-apps/cli-darwin-x64": "2.2.7",
        "@tauri-apps/cli-linux-arm-gnueabihf": "2.2.7",
        "@tauri-apps/cli-linux-arm64-gnu": "2.2.7",
        "@tauri-apps/cli-linux-arm64-musl": "2.2.7",
        "@tauri-apps/cli-linux-x64-gnu": "2.2.7",
        "@tauri-apps/cli-linux-x64-musl": "2.2.7",
        "@tauri-apps/cli-win32-arm64-msvc": "2.2.7",
        "@tauri-apps/cli-win32-ia32-msvc": "2.2.7",
        "@tauri-apps/cli-win32-x64-msvc": "2.2.7"
      }
    },
    "node_modules/@tauri-apps/cli-darwin-arm64": {
      "version": "2.2.7",
      "resolved": "https://registry.npm.wps.cn/@tauri-apps/cli-darwin-arm64/download/@tauri-apps/cli-darwin-arm64-2.2.7.tgz",
      "integrity": "sha1-QuwFbrGTCapQsRyVaLbA5mN/Qco=",
      "cpu": [
        "arm64"
      ],
      "dev": true,
      "license": "Apache-2.0 OR MIT",
      "optional": true,
      "os": [
        "darwin"
      ],
      "engines": {
        "node": ">= 10"
      }
    },
    "node_modules/@tauri-apps/cli-darwin-x64": {
      "version": "2.2.7",
      "resolved": "https://registry.npm.wps.cn/@tauri-apps/cli-darwin-x64/download/@tauri-apps/cli-darwin-x64-2.2.7.tgz",
      "integrity": "sha1-YMtYBue+ya8uIq44pr0qdpsKYbA=",
      "cpu": [
        "x64"
      ],
      "dev": true,
      "license": "Apache-2.0 OR MIT",
      "optional": true,
      "os": [
        "darwin"
      ],
      "engines": {
        "node": ">= 10"
      }
    },
    "node_modules/@tauri-apps/cli-linux-arm-gnueabihf": {
      "version": "2.2.7",
      "resolved": "https://registry.npm.wps.cn/@tauri-apps/cli-linux-arm-gnueabihf/download/@tauri-apps/cli-linux-arm-gnueabihf-2.2.7.tgz",
      "integrity": "sha1-RRAptotQSG4FU63xpFy9J8AOs/k=",
      "cpu": [
        "arm"
      ],
      "dev": true,
      "license": "Apache-2.0 OR MIT",
      "optional": true,
      "os": [
        "linux"
      ],
      "engines": {
        "node": ">= 10"
      }
    },
    "node_modules/@tauri-apps/cli-linux-arm64-gnu": {
      "version": "2.2.7",
      "resolved": "https://registry.npm.wps.cn/@tauri-apps/cli-linux-arm64-gnu/download/@tauri-apps/cli-linux-arm64-gnu-2.2.7.tgz",
      "integrity": "sha1-dPKMwwOw9HYgnGEXMl/CNaPVrQ8=",
      "cpu": [
        "arm64"
      ],
      "dev": true,
      "license": "Apache-2.0 OR MIT",
      "optional": true,
      "os": [
        "linux"
      ],
      "engines": {
        "node": ">= 10"
      }
    },
    "node_modules/@tauri-apps/cli-linux-arm64-musl": {
      "version": "2.2.7",
      "resolved": "https://registry.npm.wps.cn/@tauri-apps/cli-linux-arm64-musl/download/@tauri-apps/cli-linux-arm64-musl-2.2.7.tgz",
      "integrity": "sha1-xRiQKVGGOV7/0qdRc5uIyWie6mw=",
      "cpu": [
        "arm64"
      ],
      "dev": true,
      "license": "Apache-2.0 OR MIT",
      "optional": true,
      "os": [
        "linux"
      ],
      "engines": {
        "node": ">= 10"
      }
    },
    "node_modules/@tauri-apps/cli-linux-x64-gnu": {
      "version": "2.2.7",
      "resolved": "https://registry.npm.wps.cn/@tauri-apps/cli-linux-x64-gnu/download/@tauri-apps/cli-linux-x64-gnu-2.2.7.tgz",
      "integrity": "sha1-FJWaBlhY3Ma/+Hyo60UlsHGrT/4=",
      "cpu": [
        "x64"
      ],
      "dev": true,
      "license": "Apache-2.0 OR MIT",
      "optional": true,
      "os": [
        "linux"
      ],
      "engines": {
        "node": ">= 10"
      }
    },
    "node_modules/@tauri-apps/cli-linux-x64-musl": {
      "version": "2.2.7",
      "resolved": "https://registry.npm.wps.cn/@tauri-apps/cli-linux-x64-musl/download/@tauri-apps/cli-linux-x64-musl-2.2.7.tgz",
      "integrity": "sha1-YZnGcddgs5x1rRMijMQi+tu9CxU=",
      "cpu": [
        "x64"
      ],
      "dev": true,
      "license": "Apache-2.0 OR MIT",
      "optional": true,
      "os": [
        "linux"
      ],
      "engines": {
        "node": ">= 10"
      }
    },
    "node_modules/@tauri-apps/cli-win32-arm64-msvc": {
      "version": "2.2.7",
      "resolved": "https://registry.npm.wps.cn/@tauri-apps/cli-win32-arm64-msvc/download/@tauri-apps/cli-win32-arm64-msvc-2.2.7.tgz",
      "integrity": "sha1-6D8+/aM5+DFaVMazoQW7FsHXjWY=",
      "cpu": [
        "arm64"
      ],
      "dev": true,
      "license": "Apache-2.0 OR MIT",
      "optional": true,
      "os": [
        "win32"
      ],
      "engines": {
        "node": ">= 10"
      }
    },
    "node_modules/@tauri-apps/cli-win32-ia32-msvc": {
      "version": "2.2.7",
      "resolved": "https://registry.npm.wps.cn/@tauri-apps/cli-win32-ia32-msvc/download/@tauri-apps/cli-win32-ia32-msvc-2.2.7.tgz",
      "integrity": "sha1-bpzcYVzx+GRp4GfmVJOoVHDE1sc=",
      "cpu": [
        "ia32"
      ],
      "dev": true,
      "license": "Apache-2.0 OR MIT",
      "optional": true,
      "os": [
        "win32"
      ],
      "engines": {
        "node": ">= 10"
      }
    },
    "node_modules/@tauri-apps/cli-win32-x64-msvc": {
      "version": "2.2.7",
      "resolved": "https://registry.npm.wps.cn/@tauri-apps/cli-win32-x64-msvc/download/@tauri-apps/cli-win32-x64-msvc-2.2.7.tgz",
      "integrity": "sha1-xWHvrBKbOGvjWpNrAICkzSzQG20=",
      "cpu": [
        "x64"
      ],
      "dev": true,
      "license": "Apache-2.0 OR MIT",
      "optional": true,
      "os": [
        "win32"
      ],
      "engines": {
        "node": ">= 10"
      }
    },
    "node_modules/@tauri-apps/plugin-opener": {
      "version": "2.2.5",
      "resolved": "https://registry.npm.wps.cn/@tauri-apps/plugin-opener/download/@tauri-apps/plugin-opener-2.2.5.tgz",
      "integrity": "sha1-kouRfSjT6LW6+5D1+R+w7SDCf9Q=",
      "license": "MIT OR Apache-2.0",
      "dependencies": {
        "@tauri-apps/api": "^2.0.0"
      }
    },
    "node_modules/@types/estree": {
      "version": "1.0.6",
      "resolved": "https://registry.npm.wps.cn/@types/estree/download/@types/estree-1.0.6.tgz",
      "integrity": "sha1-Yo7/7q4gZKG055946B2Ht+X8e1A=",
      "dev": true,
      "license": "MIT"
    },
    "node_modules/@vitejs/plugin-vue": {
      "version": "5.2.1",
      "resolved": "https://registry.npm.wps.cn/@vitejs/plugin-vue/download/@vitejs/plugin-vue-5.2.1.tgz",
      "integrity": "sha1-0UkfZ47jr4mfeuV9nCHcUqZccTM=",
      "dev": true,
      "license": "MIT",
      "engines": {
        "node": "^18.0.0 || >=20.0.0"
      },
      "peerDependencies": {
        "vite": "^5.0.0 || ^6.0.0",
        "vue": "^3.2.25"
      }
    },
    "node_modules/@volar/language-core": {
      "version": "2.4.11",
      "resolved": "https://registry.npm.wps.cn/@volar/language-core/download/@volar/language-core-2.4.11.tgz",
      "integrity": "sha1-2VqexPFPvbQaamT58yHRHSOlKRw=",
      "dev": true,
      "license": "MIT",
      "dependencies": {
        "@volar/source-map": "2.4.11"
      }
    },
    "node_modules/@volar/source-map": {
      "version": "2.4.11",
      "resolved": "https://registry.npm.wps.cn/@volar/source-map/download/@volar/source-map-2.4.11.tgz",
      "integrity": "sha1-WHbUUxUIEpckwnVeKV2x35i9WJU=",
      "dev": true,
      "license": "MIT"
    },
    "node_modules/@volar/typescript": {
      "version": "2.4.11",
      "resolved": "https://registry.npm.wps.cn/@volar/typescript/download/@volar/typescript-2.4.11.tgz",
      "integrity": "sha1-qvv6QTM3ZU2yEb9Nj7ZnDIn2+lc=",
      "dev": true,
      "license": "MIT",
      "dependencies": {
        "@volar/language-core": "2.4.11",
        "path-browserify": "^1.0.1",
        "vscode-uri": "^3.0.8"
      }
    },
    "node_modules/@vue/compiler-core": {
      "version": "3.5.13",
      "resolved": "https://registry.npm.wps.cn/@vue/compiler-core/download/@vue/compiler-core-3.5.13.tgz",
      "integrity": "sha1-sK5sQ0f2DAPoSaBdNOW/dHyb2gU=",
      "license": "MIT",
      "dependencies": {
        "@babel/parser": "^7.25.3",
        "@vue/shared": "3.5.13",
        "entities": "^4.5.0",
        "estree-walker": "^2.0.2",
        "source-map-js": "^1.2.0"
      }
    },
    "node_modules/@vue/compiler-dom": {
      "version": "3.5.13",
      "resolved": "https://registry.npm.wps.cn/@vue/compiler-dom/download/@vue/compiler-dom-3.5.13.tgz",
      "integrity": "sha1-uxuHWNvFQrNljdqXO5ihyTEailg=",
      "license": "MIT",
      "dependencies": {
        "@vue/compiler-core": "3.5.13",
        "@vue/shared": "3.5.13"
      }
    },
    "node_modules/@vue/compiler-sfc": {
      "version": "3.5.13",
      "resolved": "https://registry.npm.wps.cn/@vue/compiler-sfc/download/@vue/compiler-sfc-3.5.13.tgz",
      "integrity": "sha1-Rh+L00O1wG+sQYnE/vivMt6oK0Y=",
      "license": "MIT",
      "dependencies": {
        "@babel/parser": "^7.25.3",
        "@vue/compiler-core": "3.5.13",
        "@vue/compiler-dom": "3.5.13",
        "@vue/compiler-ssr": "3.5.13",
        "@vue/shared": "3.5.13",
        "estree-walker": "^2.0.2",
        "magic-string": "^0.30.11",
        "postcss": "^8.4.48",
        "source-map-js": "^1.2.0"
      }
    },
    "node_modules/@vue/compiler-ssr": {
      "version": "3.5.13",
      "resolved": "https://registry.npm.wps.cn/@vue/compiler-ssr/download/@vue/compiler-ssr-3.5.13.tgz",
      "integrity": "sha1-53GtzKbT0AD5GkJ3yXKpltB/Q7o=",
      "license": "MIT",
      "dependencies": {
        "@vue/compiler-dom": "3.5.13",
        "@vue/shared": "3.5.13"
      }
    },
    "node_modules/@vue/compiler-vue2": {
      "version": "2.7.16",
      "resolved": "https://registry.npm.wps.cn/@vue/compiler-vue2/download/@vue/compiler-vue2-2.7.16.tgz",
      "integrity": "sha1-K6g3y9PxszwryGX74aO1P7YR4kk=",
      "dev": true,
      "license": "MIT",
      "dependencies": {
        "de-indent": "^1.0.2",
        "he": "^1.2.0"
      }
    },
    "node_modules/@vue/language-core": {
      "version": "2.2.4",
      "resolved": "https://registry.npm.wps.cn/@vue/language-core/download/@vue/language-core-2.2.4.tgz",
      "integrity": "sha1-XK1DpM1vOIvrw+jG8wPfSJ9eiCk=",
      "dev": true,
      "license": "MIT",
      "dependencies": {
        "@volar/language-core": "~2.4.11",
        "@vue/compiler-dom": "^3.5.0",
        "@vue/compiler-vue2": "^2.7.16",
        "@vue/shared": "^3.5.0",
        "alien-signals": "^1.0.3",
        "minimatch": "^9.0.3",
        "muggle-string": "^0.4.1",
        "path-browserify": "^1.0.1"
      },
      "peerDependencies": {
        "typescript": "*"
      },
      "peerDependenciesMeta": {
        "typescript": {
          "optional": true
        }
      }
    },
    "node_modules/@vue/reactivity": {
      "version": "3.5.13",
      "resolved": "https://registry.npm.wps.cn/@vue/reactivity/download/@vue/reactivity-3.5.13.tgz",
      "integrity": "sha1-tB/yu4ZeCTiZoiIZ9bJfl7b+FV8=",
      "license": "MIT",
      "dependencies": {
        "@vue/shared": "3.5.13"
      }
    },
    "node_modules/@vue/runtime-core": {
      "version": "3.5.13",
      "resolved": "https://registry.npm.wps.cn/@vue/runtime-core/download/@vue/runtime-core-3.5.13.tgz",
      "integrity": "sha1-H6+kvwuXrw692dv+mM1jDaNjpFU=",
      "license": "MIT",
      "dependencies": {
        "@vue/reactivity": "3.5.13",
        "@vue/shared": "3.5.13"
      }
    },
    "node_modules/@vue/runtime-dom": {
      "version": "3.5.13",
      "resolved": "https://registry.npm.wps.cn/@vue/runtime-dom/download/@vue/runtime-dom-3.5.13.tgz",
      "integrity": "sha1-YQ/Hld6SRjAOiuiGWTDVNOEkYhU=",
      "license": "MIT",
      "dependencies": {
        "@vue/reactivity": "3.5.13",
        "@vue/runtime-core": "3.5.13",
        "@vue/shared": "3.5.13",
        "csstype": "^3.1.3"
      }
    },
    "node_modules/@vue/server-renderer": {
      "version": "3.5.13",
      "resolved": "https://registry.npm.wps.cn/@vue/server-renderer/download/@vue/server-renderer-3.5.13.tgz",
      "integrity": "sha1-Qp6tYu5R3niWRsIu/pCOSJqtRvc=",
      "license": "MIT",
      "dependencies": {
        "@vue/compiler-ssr": "3.5.13",
        "@vue/shared": "3.5.13"
      },
      "peerDependencies": {
        "vue": "3.5.13"
      }
    },
    "node_modules/@vue/shared": {
      "version": "3.5.13",
      "resolved": "https://registry.npm.wps.cn/@vue/shared/download/@vue/shared-3.5.13.tgz",
      "integrity": "sha1-h7MJpjecIrkm5paJMjeCb2Qzm28=",
      "license": "MIT"
    },
    "node_modules/alien-signals": {
      "version": "1.0.4",
      "resolved": "https://registry.npm.wps.cn/alien-signals/download/alien-signals-1.0.4.tgz",
      "integrity": "sha1-xpal3Jlj/GSK6XCTQR1+dLCoGsA=",
      "dev": true,
      "license": "MIT"
    },
    "node_modules/balanced-match": {
      "version": "1.0.2",
      "resolved": "https://registry.npm.wps.cn/balanced-match/download/balanced-match-1.0.2.tgz",
      "integrity": "sha1-6D46fj8wCzTLnYf2FfoMvzV2kO4=",
      "dev": true,
      "license": "MIT"
    },
    "node_modules/brace-expansion": {
      "version": "2.0.1",
      "resolved": "https://registry.npm.wps.cn/brace-expansion/download/brace-expansion-2.0.1.tgz",
      "integrity": "sha1-HtxFng8MVISG7Pn8mfIiE2S5oK4=",
      "dev": true,
      "license": "MIT",
      "dependencies": {
        "balanced-match": "^1.0.0"
      }
    },
    "node_modules/csstype": {
      "version": "3.1.3",
      "resolved": "https://registry.npm.wps.cn/csstype/download/csstype-3.1.3.tgz",
      "integrity": "sha1-2A/ylNEU+w5qxQD7+FtgE31+/4E=",
      "license": "MIT"
    },
    "node_modules/de-indent": {
      "version": "1.0.2",
      "resolved": "https://registry.npm.wps.cn/de-indent/download/de-indent-1.0.2.tgz",
      "integrity": "sha1-sgOOhG3DO6pXlhKNCAS0VbjB4h0=",
      "dev": true,
      "license": "MIT"
    },
    "node_modules/entities": {
      "version": "4.5.0",
      "resolved": "https://registry.npm.wps.cn/entities/download/entities-4.5.0.tgz",
      "integrity": "sha1-XSaOpecRPsdMTQM7eepaNaSI+0g=",
      "license": "BSD-2-Clause",
      "engines": {
        "node": ">=0.12"
      },
      "funding": {
        "url": "https://github.com/fb55/entities?sponsor=1"
      }
    },
    "node_modules/esbuild": {
      "version": "0.25.0",
      "resolved": "https://registry.npm.wps.cn/esbuild/download/esbuild-0.25.0.tgz",
      "integrity": "sha1-DeF4encgbFp57rY0piPTm1AGzpI=",
      "dev": true,
      "hasInstallScript": true,
      "license": "MIT",
      "bin": {
        "esbuild": "bin/esbuild"
      },
      "engines": {
        "node": ">=18"
      },
      "optionalDependencies": {
        "@esbuild/aix-ppc64": "0.25.0",
        "@esbuild/android-arm": "0.25.0",
        "@esbuild/android-arm64": "0.25.0",
        "@esbuild/android-x64": "0.25.0",
        "@esbuild/darwin-arm64": "0.25.0",
        "@esbuild/darwin-x64": "0.25.0",
        "@esbuild/freebsd-arm64": "0.25.0",
        "@esbuild/freebsd-x64": "0.25.0",
        "@esbuild/linux-arm": "0.25.0",
        "@esbuild/linux-arm64": "0.25.0",
        "@esbuild/linux-ia32": "0.25.0",
        "@esbuild/linux-loong64": "0.25.0",
        "@esbuild/linux-mips64el": "0.25.0",
        "@esbuild/linux-ppc64": "0.25.0",
        "@esbuild/linux-riscv64": "0.25.0",
        "@esbuild/linux-s390x": "0.25.0",
        "@esbuild/linux-x64": "0.25.0",
        "@esbuild/netbsd-arm64": "0.25.0",
        "@esbuild/netbsd-x64": "0.25.0",
        "@esbuild/openbsd-arm64": "0.25.0",
        "@esbuild/openbsd-x64": "0.25.0",
        "@esbuild/sunos-x64": "0.25.0",
        "@esbuild/win32-arm64": "0.25.0",
        "@esbuild/win32-ia32": "0.25.0",
        "@esbuild/win32-x64": "0.25.0"
      }
    },
    "node_modules/estree-walker": {
      "version": "2.0.2",
      "resolved": "https://registry.npm.wps.cn/estree-walker/download/estree-walker-2.0.2.tgz",
      "integrity": "sha1-UvAQF4wqTBF6d1fP6UKtt9LaTKw=",
      "license": "MIT"
    },
    "node_modules/fsevents": {
      "version": "2.3.3",
      "resolved": "https://registry.npm.wps.cn/fsevents/download/fsevents-2.3.3.tgz",
      "integrity": "sha1-ysZAd4XQNnWipeGlMFxpezR9kNY=",
      "dev": true,
      "hasInstallScript": true,
      "license": "MIT",
      "optional": true,
      "os": [
        "darwin"
      ],
      "engines": {
        "node": "^8.16.0 || ^10.6.0 || >=11.0.0"
      }
    },
    "node_modules/he": {
      "version": "1.2.0",
      "resolved": "https://registry.npm.wps.cn/he/download/he-1.2.0.tgz",
      "integrity": "sha1-hK5l+n6vsWX922FWauFLrwVmTw8=",
      "dev": true,
      "license": "MIT",
      "bin": {
        "he": "bin/he"
      }
    },
    "node_modules/magic-string": {
      "version": "0.30.17",
      "resolved": "https://registry.npm.wps.cn/magic-string/download/magic-string-0.30.17.tgz",
      "integrity": "sha1-RQpElnPSRg5bvPupphkWoXFMdFM=",
      "license": "MIT",
      "dependencies": {
        "@jridgewell/sourcemap-codec": "^1.5.0"
      }
    },
    "node_modules/minimatch": {
      "version": "9.0.5",
      "resolved": "https://registry.npm.wps.cn/minimatch/download/minimatch-9.0.5.tgz",
      "integrity": "sha1-10+d1rV9g9jpjPuCEzsDl4vJKeU=",
      "dev": true,
      "license": "ISC",
      "dependencies": {
        "brace-expansion": "^2.0.1"
      },
      "engines": {
        "node": ">=16 || 14 >=14.17"
      },
      "funding": {
        "url": "https://github.com/sponsors/isaacs"
      }
    },
    "node_modules/muggle-string": {
      "version": "0.4.1",
      "resolved": "https://registry.npm.wps.cn/muggle-string/download/muggle-string-0.4.1.tgz",
      "integrity": "sha1-OzZr1Dsy+AncIGWVNN0w58ig0yg=",
      "dev": true,
      "license": "MIT"
    },
    "node_modules/nanoid": {
      "version": "3.3.8",
      "resolved": "https://registry.npm.wps.cn/nanoid/download/nanoid-3.3.8.tgz",
      "integrity": "sha1-sb4wML7jaq/xi6yzdeXM5SFoS68=",
      "funding": [
        {
          "type": "github",
          "url": "https://github.com/sponsors/ai"
        }
      ],
      "license": "MIT",
      "bin": {
        "nanoid": "bin/nanoid.cjs"
      },
      "engines": {
        "node": "^10 || ^12 || ^13.7 || ^14 || >=15.0.1"
      }
    },
    "node_modules/path-browserify": {
      "version": "1.0.1",
      "resolved": "https://registry.npm.wps.cn/path-browserify/download/path-browserify-1.0.1.tgz",
      "integrity": "sha1-2YRUqcN1PVeQhg8W9ohnueRr4f0=",
      "dev": true,
      "license": "MIT"
    },
    "node_modules/picocolors": {
      "version": "1.1.1",
      "resolved": "https://registry.npm.wps.cn/picocolors/download/picocolors-1.1.1.tgz",
      "integrity": "sha1-PTIa8+q5ObCDyPkpodEs2oHCa2s=",
      "license": "ISC"
    },
    "node_modules/postcss": {
      "version": "8.5.3",
      "resolved": "https://registry.npm.wps.cn/postcss/download/postcss-8.5.3.tgz",
      "integrity": "sha1-FGO28cf7Fv4lhzbLopot41I36vs=",
      "funding": [
        {
          "type": "opencollective",
          "url": "https://opencollective.com/postcss/"
        },
        {
          "type": "tidelift",
          "url": "https://tidelift.com/funding/github/npm/postcss"
        },
        {
          "type": "github",
          "url": "https://github.com/sponsors/ai"
        }
      ],
      "license": "MIT",
      "dependencies": {
        "nanoid": "^3.3.8",
        "picocolors": "^1.1.1",
        "source-map-js": "^1.2.1"
      },
      "engines": {
        "node": "^10 || ^12 || >=14"
      }
    },
    "node_modules/rollup": {
      "version": "4.34.8",
      "resolved": "https://registry.npm.wps.cn/rollup/download/rollup-4.34.8.tgz",
      "integrity": "sha1-6FnBpR2Jmrqbz0UdTu0dEfuOKm4=",
      "dev": true,
      "license": "MIT",
      "dependencies": {
        "@types/estree": "1.0.6"
      },
      "bin": {
        "rollup": "dist/bin/rollup"
      },
      "engines": {
        "node": ">=18.0.0",
        "npm": ">=8.0.0"
      },
      "optionalDependencies": {
        "@rollup/rollup-android-arm-eabi": "4.34.8",
        "@rollup/rollup-android-arm64": "4.34.8",
        "@rollup/rollup-darwin-arm64": "4.34.8",
        "@rollup/rollup-darwin-x64": "4.34.8",
        "@rollup/rollup-freebsd-arm64": "4.34.8",
        "@rollup/rollup-freebsd-x64": "4.34.8",
        "@rollup/rollup-linux-arm-gnueabihf": "4.34.8",
        "@rollup/rollup-linux-arm-musleabihf": "4.34.8",
        "@rollup/rollup-linux-arm64-gnu": "4.34.8",
        "@rollup/rollup-linux-arm64-musl": "4.34.8",
        "@rollup/rollup-linux-loongarch64-gnu": "4.34.8",
        "@rollup/rollup-linux-powerpc64le-gnu": "4.34.8",
        "@rollup/rollup-linux-riscv64-gnu": "4.34.8",
        "@rollup/rollup-linux-s390x-gnu": "4.34.8",
        "@rollup/rollup-linux-x64-gnu": "4.34.8",
        "@rollup/rollup-linux-x64-musl": "4.34.8",
        "@rollup/rollup-win32-arm64-msvc": "4.34.8",
        "@rollup/rollup-win32-ia32-msvc": "4.34.8",
        "@rollup/rollup-win32-x64-msvc": "4.34.8",
        "fsevents": "~2.3.2"
      }
    },
    "node_modules/source-map-js": {
      "version": "1.2.1",
      "resolved": "https://registry.npm.wps.cn/source-map-js/download/source-map-js-1.2.1.tgz",
      "integrity": "sha1-HOVlD93YerwJnto33P8CTCZnrkY=",
      "license": "BSD-3-Clause",
      "engines": {
        "node": ">=0.10.0"
      }
    },
    "node_modules/typescript": {
      "version": "5.6.3",
      "resolved": "https://registry.npm.wps.cn/typescript/download/typescript-5.6.3.tgz",
      "integrity": "sha1-XzRJ4xydlP67F94DzAgd1W2B21s=",
      "devOptional": true,
      "license": "Apache-2.0",
      "bin": {
        "tsc": "bin/tsc",
        "tsserver": "bin/tsserver"
      },
      "engines": {
        "node": ">=14.17"
      }
    },
    "node_modules/vite": {
      "version": "6.2.0",
      "resolved": "https://registry.npm.wps.cn/vite/download/vite-6.2.0.tgz",
      "integrity": "sha1-nctUM4DasY2DhOuECna/MNeGM/A=",
      "dev": true,
      "license": "MIT",
      "dependencies": {
        "esbuild": "^0.25.0",
        "postcss": "^8.5.3",
        "rollup": "^4.30.1"
      },
      "bin": {
        "vite": "bin/vite.js"
      },
      "engines": {
        "node": "^18.0.0 || ^20.0.0 || >=22.0.0"
      },
      "funding": {
        "url": "https://github.com/vitejs/vite?sponsor=1"
      },
      "optionalDependencies": {
        "fsevents": "~2.3.3"
      },
      "peerDependencies": {
        "@types/node": "^18.0.0 || ^20.0.0 || >=22.0.0",
        "jiti": ">=1.21.0",
        "less": "*",
        "lightningcss": "^1.21.0",
        "sass": "*",
        "sass-embedded": "*",
        "stylus": "*",
        "sugarss": "*",
        "terser": "^5.16.0",
        "tsx": "^4.8.1",
        "yaml": "^2.4.2"
      },
      "peerDependenciesMeta": {
        "@types/node": {
          "optional": true
        },
        "jiti": {
          "optional": true
        },
        "less": {
          "optional": true
        },
        "lightningcss": {
          "optional": true
        },
        "sass": {
          "optional": true
        },
        "sass-embedded": {
          "optional": true
        },
        "stylus": {
          "optional": true
        },
        "sugarss": {
          "optional": true
        },
        "terser": {
          "optional": true
        },
        "tsx": {
          "optional": true
        },
        "yaml": {
          "optional": true
        }
      }
    },
    "node_modules/vscode-uri": {
      "version": "3.1.0",
      "resolved": "https://registry.npm.wps.cn/vscode-uri/download/vscode-uri-3.1.0.tgz",
      "integrity": "sha1-3QnsWmaji1w//8d0AVcTSW0U4Jw=",
      "dev": true,
      "license": "MIT"
    },
    "node_modules/vue": {
      "version": "3.5.13",
      "resolved": "https://registry.npm.wps.cn/vue/download/vue-3.5.13.tgz",
      "integrity": "sha1-n3YKGpgrCcDASoZ5A/wznJ8p7Ao=",
      "license": "MIT",
      "dependencies": {
        "@vue/compiler-dom": "3.5.13",
        "@vue/compiler-sfc": "3.5.13",
        "@vue/runtime-dom": "3.5.13",
        "@vue/server-renderer": "3.5.13",
        "@vue/shared": "3.5.13"
      },
      "peerDependencies": {
        "typescript": "*"
      },
      "peerDependenciesMeta": {
        "typescript": {
          "optional": true
        }
      }
    },
    "node_modules/vue-tsc": {
      "version": "2.2.4",
      "resolved": "https://registry.npm.wps.cn/vue-tsc/download/vue-tsc-2.2.4.tgz",
      "integrity": "sha1-Hofuu93jB4MzMEueVJm2cVcEAwU=",
      "dev": true,
      "license": "MIT",
      "dependencies": {
        "@volar/typescript": "~2.4.11",
        "@vue/language-core": "2.2.4"
      },
      "bin": {
        "vue-tsc": "bin/vue-tsc.js"
      },
      "peerDependencies": {
        "typescript": ">=5.0.0"
      }
    }
  }
}
